{
  "version": 4,
  "terraform_version": "1.6.6",
  "serial": 47,
  "lineage": "b70e4ae4-4c43-ac4a-8a2c-c3ab76fc956a",
  "outputs": {},
  "resources": [
    {
      "mode": "managed",
      "type": "aws_iam_role",
      "name": "lambda_role",
      "provider": "provider[\"registry.terraform.io/hashicorp/aws\"]",
      "instances": [
        {
          "schema_version": 0,
          "attributes": {
            "arn": "arn:aws:iam::840666460622:role/fiap_lambda_role",
            "assume_role_policy": "{\"Statement\":[{\"Action\":\"sts:AssumeRole\",\"Effect\":\"Allow\",\"Principal\":{\"Service\":\"lambda.amazonaws.com\"}}],\"Version\":\"2012-10-17\"}",
            "create_date": "2024-02-10T02:26:10Z",
            "description": "",
            "force_detach_policies": false,
            "id": "fiap_lambda_role",
            "inline_policy": [],
            "managed_policy_arns": [
              "arn:aws:iam::840666460622:policy/fial_lambda_policies"
            ],
            "max_session_duration": 3600,
            "name": "fiap_lambda_role",
            "name_prefix": "",
            "path": "/",
            "permissions_boundary": "",
            "tags": {},
            "tags_all": {},
            "unique_id": "AROA4HO5AGHHKSZ4W5K2O"
          },
          "sensitive_attributes": [],
          "private": "bnVsbA=="
        }
      ]
    }
  ],
  "check_results": null
}
